{
  "name": "agentsnap-action",
  "version": "0.0.0",
  "lockfileVersion": 3,
  "requires": true,
  "packages": {
    "": {
      "name": "agentsnap-action",
      "version": "0.0.0",
      "dependencies": {
        "@mukundakatta/agentsnap": "^0.1.1"
      }
    },
    "node_modules/@mukundakatta/agentsnap": {
      "version": "0.1.1",
      "resolved": "https://registry.npmjs.org/@mukundakatta/agentsnap/-/agentsnap-0.1.1.tgz",
      "integrity": "sha512-PK/3V0t15Xm8ylnCePwBqCSNuJuO6m8Y12ok5CnCjkOOZp7yzNLe7evL4n1F7UP2Nhmwa1yoCWeYPD1ETU+xoA==",
      "license": "MIT",
      "bin": {
        "agentsnap": "src/cli.js"
      },
      "engines": {
        "node": ">=20"
      }
    }
  }
}
